
Microsoft Visual Studio Solution File, Format Version 12.00
# Visual Studio Version 17
VisualStudioVersion = 17.2.32616.157
MinimumVisualStudioVersion = 10.0.40219.1
Project("{FAE04EC0-301F-11D3-BF4B-00C04F79EFBC}") = "CarStuff", "CarStuff\CarStuff.csproj", "{38E575CA-8B36-46CE-BEC7-16EB7B99A775}"
EndProject
Global
	GlobalSection(SolutionConfigurationPlatforms) = preSolution
		Debug|Any CPU = Debug|Any CPU
		Release|Any CPU = Release|Any CPU
	EndGlobalSection
	GlobalSection(ProjectConfigurationPlatforms) = postSolution
		{38E575CA-8B36-46CE-BEC7-16EB7B99A775}.Debug|Any CPU.ActiveCfg = Debug|Any CPU
		{38E575CA-8B36-46CE-BEC7-16EB7B99A775}.Debug|Any CPU.Build.0 = Debug|Any CPU
		{38E575CA-8B36-46CE-BEC7-16EB7B99A775}.Release|Any CPU.ActiveCfg = Release|Any CPU
		{38E575CA-8B36-46CE-BEC7-16EB7B99A775}.Release|Any CPU.Build.0 = Release|Any CPU
	EndGlobalSection
	GlobalSection(SolutionProperties) = preSolution
		HideSolutionNode = FALSE
	EndGlobalSection
	GlobalSection(ExtensibilityGlobals) = postSolution
		SolutionGuid = {0BDA133C-8F7F-446E-9593-2795C0F5F8F4}
	EndGlobalSection
EndGlobal
